
Microsoft Visual Studio Solution File, Format Version 12.00
# Visual Studio 15
VisualStudioVersion = 15.0.27703.2035
MinimumVisualStudioVersion = 10.0.40219.1
Project("{FAE04EC0-301F-11D3-BF4B-00C04F79EFBC}") = "DatingApp", "DatingApp\DatingApp.csproj", "{EEEA7E1D-C6A9-44F7-A34E-7FDF5CEB24C2}"
EndProject
Global
	GlobalSection(SolutionConfigurationPlatforms) = preSolution
		Debug|Any CPU = Debug|Any CPU
		Release|Any CPU = Release|Any CPU
	EndGlobalSection
	GlobalSection(ProjectConfigurationPlatforms) = postSolution
		{EEEA7E1D-C6A9-44F7-A34E-7FDF5CEB24C2}.Debug|Any CPU.ActiveCfg = Debug|Any CPU
		{EEEA7E1D-C6A9-44F7-A34E-7FDF5CEB24C2}.Debug|Any CPU.Build.0 = Debug|Any CPU
		{EEEA7E1D-C6A9-44F7-A34E-7FDF5CEB24C2}.Release|Any CPU.ActiveCfg = Release|Any CPU
		{EEEA7E1D-C6A9-44F7-A34E-7FDF5CEB24C2}.Release|Any CPU.Build.0 = Release|Any CPU
	EndGlobalSection
	GlobalSection(SolutionProperties) = preSolution
		HideSolutionNode = FALSE
	EndGlobalSection
	GlobalSection(ExtensibilityGlobals) = postSolution
		SolutionGuid = {6ED49FE7-9E00-4868-BB46-E8DE2E62A18E}
	EndGlobalSection
EndGlobal
